{
  "name": "@statickit/functions",
  "version": "2.0.0",
  "lockfileVersion": 1,
  "requires": true,
  "dependencies": {
    "@statickit/core": {
      "version": "2.1.0",
      "resolved": "https://registry.npmjs.org/@statickit/core/-/core-2.1.0.tgz",
      "integrity": "sha512-A/IFq8oRokTQk9KrxSYLta/ZpPf/vj44JaQDvabf8k0cV3dlNriuRod5UJjk+/369hdJcGKXGgB6jSs42TY6Jg==",
      "requires": {
        "@types/promise-polyfill": "^6.0.3"
      }
    },
    "@types/promise-polyfill": {
      "version": "6.0.3",
      "resolved": "https://registry.npmjs.org/@types/promise-polyfill/-/promise-polyfill-6.0.3.tgz",
      "integrity": "sha512-f/BFgF9a+cgsMseC7rpv9+9TAE3YNjhfYrtwCo/pIeCDDfQtE6PY0b5bao2eIIEpZCBUy8Y5ToXd4ObjPSJuFw=="
    },
    "typescript": {
      "version": "3.7.4",
      "resolved": "https://registry.npmjs.org/typescript/-/typescript-3.7.4.tgz",
      "integrity": "sha512-A25xv5XCtarLwXpcDNZzCGvW2D1S3/bACratYBx2sax8PefsFhlYmkQicKHvpYflFS8if4zne5zT5kpJ7pzuvw==",
      "dev": true
    }
  }
}
