{
  "name": "@statickit/functions",
  "version": "2.0.0",
  "lockfileVersion": 1,
  "requires": true,
  "dependencies": {
    "@statickit/core": {
      "version": "2.2.0",
      "resolved": "https://registry.npmjs.org/@statickit/core/-/core-2.2.0.tgz",
      "integrity": "sha512-cOuI8T/gCSWUp/wGwBud3j+VlVupSWCOlVsSZ1RA5+1AulLcwzpsUAjuA/eM+2nJfrQooWoRVcK0BD/PL7DdIg==",
      "requires": {
        "@types/promise-polyfill": "^6.0.3"
      }
    },
    "@types/promise-polyfill": {
      "version": "6.0.3",
      "resolved": "https://registry.npmjs.org/@types/promise-polyfill/-/promise-polyfill-6.0.3.tgz",
      "integrity": "sha512-f/BFgF9a+cgsMseC7rpv9+9TAE3YNjhfYrtwCo/pIeCDDfQtE6PY0b5bao2eIIEpZCBUy8Y5ToXd4ObjPSJuFw=="
    }
  }
}
